// !$*UTF8*$!
{
	archiveVersion = 1;
	classes = {
	};
	objectVersion = 50;
	objects = {

/* Begin PBXBuildFile section */
		A6F8633026FB08FE00657B7A /* AppDelegate.swift in Sources */ = {isa = PBXBuildFile; fileRef = A6F8632F26FB08FE00657B7A /* AppDelegate.swift */; };
		A6F8633226FB08FE00657B7A /* SceneDelegate.swift in Sources */ = {isa = PBXBuildFile; fileRef = A6F8633126FB08FE00657B7A /* SceneDelegate.swift */; };
		A6F8633426FB08FE00657B7A /* ViewController.swift in Sources */ = {isa = PBXBuildFile; fileRef = A6F8633326FB08FE00657B7A /* ViewController.swift */; };
		A6F8633726FB08FE00657B7A /* Main.storyboard in Resources */ = {isa = PBXBuildFile; fileRef = A6F8633526FB08FE00657B7A /* Main.storyboard */; };
		A6F8633A26FB08FE00657B7A /* LedBoard.xcdatamodeld in Sources */ = {isa = PBXBuildFile; fileRef = A6F8633826FB08FE00657B7A /* LedBoard.xcdatamodeld */; };
		A6F8633C26FB090300657B7A /* Assets.xcassets in Resources */ = {isa = PBXBuildFile; fileRef = A6F8633B26FB090300657B7A /* Assets.xcassets */; };
		A6F8633F26FB090300657B7A /* LaunchScreen.storyboard in Resources */ = {isa = PBXBuildFile; fileRef = A6F8633D26FB090300657B7A /* LaunchScreen.storyboard */; };
		A6F8636326FCA55900657B7A /* SettingViewController.swift in Sources */ = {isa = PBXBuildFile; fileRef = A6F8636226FCA55900657B7A /* SettingViewController.swift */; };
/* End PBXBuildFile section */

/* Begin PBXContainerItemProxy section */
		A6F8634626FB090300657B7A /* PBXContainerItemProxy */ = {
			isa = PBXContainerItemProxy;
			containerPortal = A6F8632426FB08FE00657B7A /* Project object */;
			proxyType = 1;
			remoteGlobalIDString = A6F8632B26FB08FE00657B7A;
			remoteInfo = LedBoard;
		};
		A6F8635126FB090300657B7A /* PBXContainerItemProxy */ = {
			isa = PBXContainerItemProxy;
			containerPortal = A6F8632426FB08FE00657B7A /* Project object */;
			proxyType = 1;
			remoteGlobalIDString = A6F8632B26FB08FE00657B7A;
			remoteInfo = LedBoard;
		};
/* End PBXContainerItemProxy section */

/* Begin PBXFileReference section */
		A6F8632C26FB08FE00657B7A /* LedBoard.app */ = {isa = PBXFileReference; explicitFileType = wrapper.application; includeInIndex = 0; path = LedBoard.app; sourceTree = BUILT_PRODUCTS_DIR; };
		A6F8632F26FB08FE00657B7A /* AppDelegate.swift */ = {isa = PBXFileReference; lastKnownFileType = sourcecode.swift; path = AppDelegate.swift; sourceTree = "<group>"; };
		A6F8633126FB08FE00657B7A /* SceneDelegate.swift */ = {isa = PBXFileReference; lastKnownFileType = sourcecode.swift; path = SceneDelegate.swift; sourceTree = "<group>"; };
		A6F8633326FB08FE00657B7A /* ViewController.swift */ = {isa = PBXFileReference; lastKnownFileType = sourcecode.swift; path = ViewController.swift; sourceTree = "<group>"; };
		A6F8633626FB08FE00657B7A /* Base */ = {isa = PBXFileReference; lastKnownFileType = file.storyboard; name = Base; path = Base.lproj/Main.storyboard; sourceTree = "<group>"; };
		A6F8633926FB08FE00657B7A /* LedBoard.xcdatamodel */ = {isa = PBXFileReference; lastKnownFileType = wrapper.xcdatamodel; path = LedBoard.xcdatamodel; sourceTree = "<group>"; };
		A6F8633B26FB090300657B7A /* Assets.xcassets */ = {isa = PBXFileReference; lastKnownFileType = folder.assetcatalog; path = Assets.xcassets; sourceTree = "<group>"; };
		A6F8633E26FB090300657B7A /* Base */ = {isa = PBXFileReference; lastKnownFileType = file.storyboard; name = Base; path = Base.lproj/LaunchScreen.storyboard; sourceTree = "<group>"; };
		A6F8634026FB090300657B7A /* Info.plist */ = {isa = PBXFileReference; lastKnownFileType = text.plist.xml; path = Info.plist; sourceTree = "<group>"; };
		A6F8634526FB090300657B7A /* LedBoardTests.xctest */ = {isa = PBXFileReference; explicitFileType = wrapper.cfbundle; includeInIndex = 0; path = LedBoardTests.xctest; sourceTree = BUILT_PRODUCTS_DIR; };
		A6F8635026FB090300657B7A /* LedBoardUITests.xctest */ = {isa = PBXFileReference; explicitFileType = wrapper.cfbundle; includeInIndex = 0; path = LedBoardUITests.xctest; sourceTree = BUILT_PRODUCTS_DIR; };
		A6F8636226FCA55900657B7A /* SettingViewController.swift */ = {isa = PBXFileReference; lastKnownFileType = sourcecode.swift; path = SettingViewController.swift; sourceTree = "<group>"; };
/* End PBXFileReference section */

/* Begin PBXFrameworksBuildPhase section */
		A6F8632926FB08FE00657B7A /* Frameworks */ = {
			isa = PBXFrameworksBuildPhase;
			buildActionMask = 2147483647;
			files = (
			);
			runOnlyForDeploymentPostprocessing = 0;
		};
		A6F8634226FB090300657B7A /* Frameworks */ = {
			isa = PBXFrameworksBuildPhase;
			buildActionMask = 2147483647;
			files = (
			);
			runOnlyForDeploymentPostprocessing = 0;
		};
		A6F8634D26FB090300657B7A /* Frameworks */ = {
			isa = PBXFrameworksBuildPhase;
			buildActionMask = 2147483647;
			files = (
			);
			runOnlyForDeploymentPostprocessing = 0;
		};
/* End PBXFrameworksBuildPhase section */

/* Begin PBXGroup section */
		A6F8632326FB08FE00657B7A = {
			isa = PBXGroup;
			children = (
				A6F8632E26FB08FE00657B7A /* LedBoard */,
				A6F8632D26FB08FE00657B7A /* Products */,
			);
			sourceTree = "<group>";
		};
		A6F8632D26FB08FE00657B7A /* Products */ = {
			isa = PBXGroup;
			children = (
				A6F8632C26FB08FE00657B7A /* LedBoard.app */,
				A6F8634526FB090300657B7A /* LedBoardTests.xctest */,
				A6F8635026FB090300657B7A /* LedBoardUITests.xctest */,
			);
			name = Products;
			sourceTree = "<group>";
		};
		A6F8632E26FB08FE00657B7A /* LedBoard */ = {
			isa = PBXGroup;
			children = (
				A6F8632F26FB08FE00657B7A /* AppDelegate.swift */,
				A6F8633126FB08FE00657B7A /* SceneDelegate.swift */,
				A6F8633326FB08FE00657B7A /* ViewController.swift */,
				A6F8633526FB08FE00657B7A /* Main.storyboard */,
				A6F8636226FCA55900657B7A /* SettingViewController.swift */,
				A6F8633B26FB090300657B7A /* Assets.xcassets */,
				A6F8633D26FB090300657B7A /* LaunchScreen.storyboard */,
				A6F8634026FB090300657B7A /* Info.plist */,
				A6F8633826FB08FE00657B7A /* LedBoard.xcdatamodeld */,
			);
			path = LedBoard;
			sourceTree = "<group>";
		};
/* End PBXGroup section */

/* Begin PBXNativeTarget section */
		A6F8632B26FB08FE00657B7A /* LedBoard */ = {
			isa = PBXNativeTarget;
			buildConfigurationList = A6F8635926FB090300657B7A /* Build configuration list for PBXNativeTarget "LedBoard" */;
			buildPhases = (
				A6F8632826FB08FE00657B7A /* Sources */,
				A6F8632926FB08FE00657B7A /* Frameworks */,
				A6F8632A26FB08FE00657B7A /* Resources */,
			);
			buildRules = (
			);
			dependencies = (
			);
			name = LedBoard;
			productName = LedBoard;
			productReference = A6F8632C26FB08FE00657B7A /* LedBoard.app */;
			productType = "com.apple.product-type.application";
		};
		A6F8634426FB090300657B7A /* LedBoardTests */ = {
			isa = PBXNativeTarget;
			buildConfigurationList = A6F8635C26FB090300657B7A /* Build configuration list for PBXNativeTarget "LedBoardTests" */;
			buildPhases = (
				A6F8634126FB090300657B7A /* Sources */,
				A6F8634226FB090300657B7A /* Frameworks */,
				A6F8634326FB090300657B7A /* Resources */,
			);
			buildRules = (
			);
			dependencies = (
				A6F8634726FB090300657B7A /* PBXTargetDependency */,
			);
			name = LedBoardTests;
			productName = LedBoardTests;
			productReference = A6F8634526FB090300657B7A /* LedBoardTests.xctest */;
			productType = "com.apple.product-type.bundle.unit-test";
		};
		A6F8634F26FB090300657B7A /* LedBoardUITests */ = {
			isa = PBXNativeTarget;
			buildConfigurationList = A6F8635F26FB090300657B7A /* Build configuration list for PBXNativeTarget "LedBoardUITests" */;
			buildPhases = (
				A6F8634C26FB090300657B7A /* Sources */,
				A6F8634D26FB090300657B7A /* Frameworks */,
				A6F8634E26FB090300657B7A /* Resources */,
			);
			buildRules = (
			);
			dependencies = (
				A6F8635226FB090300657B7A /* PBXTargetDependency */,
			);
			name = LedBoardUITests;
			productName = LedBoardUITests;
			productReference = A6F8635026FB090300657B7A /* LedBoardUITests.xctest */;
			productType = "com.apple.product-type.bundle.ui-testing";
		};
/* End PBXNativeTarget section */

/* Begin PBXProject section */
		A6F8632426FB08FE00657B7A /* Project object */ = {
			isa = PBXProject;
			attributes = {
				LastSwiftUpdateCheck = 1250;
				LastUpgradeCheck = 1250;
				TargetAttributes = {
					A6F8632B26FB08FE00657B7A = {
						CreatedOnToolsVersion = 12.5.1;
					};
					A6F8634426FB090300657B7A = {
						CreatedOnToolsVersion = 12.5.1;
						TestTargetID = A6F8632B26FB08FE00657B7A;
					};
					A6F8634F26FB090300657B7A = {
						CreatedOnToolsVersion = 12.5.1;
						TestTargetID = A6F8632B26FB08FE00657B7A;
					};
				};
			};
			buildConfigurationList = A6F8632726FB08FE00657B7A /* Build configuration list for PBXProject "LedBoard" */;
			compatibilityVersion = "Xcode 9.3";
			developmentRegion = en;
			hasScannedForEncodings = 0;
			knownRegions = (
				en,
				Base,
			);
			mainGroup = A6F8632326FB08FE00657B7A;
			productRefGroup = A6F8632D26FB08FE00657B7A /* Products */;
			projectDirPath = "";
			projectRoot = "";
			targets = (
				A6F8632B26FB08FE00657B7A /* LedBoard */,
				A6F8634426FB090300657B7A /* LedBoardTests */,
				A6F8634F26FB090300657B7A /* LedBoardUITests */,
			);
		};
/* End PBXProject section */

/* Begin PBXResourcesBuildPhase section */
		A6F8632A26FB08FE00657B7A /* Resources */ = {
			isa = PBXResourcesBuildPhase;
			buildActionMask = 2147483647;
			files = (
				A6F8633F26FB090300657B7A /* LaunchScreen.storyboard in Resources */,
				A6F8633C26FB090300657B7A /* Assets.xcassets in Resources */,
				A6F8633726FB08FE00657B7A /* Main.storyboard in Resources */,
			);
			runOnlyForDeploymentPostprocessing = 0;
		};
		A6F8634326FB090300657B7A /* Resources */ = {
			isa = PBXResourcesBuildPhase;
			buildActionMask = 2147483647;
			files = (
			);
			runOnlyForDeploymentPostprocessing = 0;
		};
		A6F8634E26FB090300657B7A /* Resources */ = {
			isa = PBXResourcesBuildPhase;
			buildActionMask = 2147483647;
			files = (
			);
			runOnlyForDeploymentPostprocessing = 0;
		};
/* End PBXResourcesBuildPhase section */

/* Begin PBXSourcesBuildPhase section */
		A6F8632826FB08FE00657B7A /* Sources */ = {
			isa = PBXSourcesBuildPhase;
			buildActionMask = 2147483647;
			files = (
				A6F8636326FCA55900657B7A /* SettingViewController.swift in Sources */,
				A6F8633426FB08FE00657B7A /* ViewController.swift in Sources */,
				A6F8633026FB08FE00657B7A /* AppDelegate.swift in Sources */,
				A6F8633A26FB08FE00657B7A /* LedBoard.xcdatamodeld in Sources */,
				A6F8633226FB08FE00657B7A /* SceneDelegate.swift in Sources */,
			);
			runOnlyForDeploymentPostprocessing = 0;
		};
		A6F8634126FB090300657B7A /* Sources */ = {
			isa = PBXSourcesBuildPhase;
			buildActionMask = 2147483647;
			files = (
			);
			runOnlyForDeploymentPostprocessing = 0;
		};
		A6F8634C26FB090300657B7A /* Sources */ = {
			isa = PBXSourcesBuildPhase;
			buildActionMask = 2147483647;
			files = (
			);
			runOnlyForDeploymentPostprocessing = 0;
		};
/* End PBXSourcesBuildPhase section */

/* Begin PBXTargetDependency section */
		A6F8634726FB090300657B7A /* PBXTargetDependency */ = {
			isa = PBXTargetDependency;
			target = A6F8632B26FB08FE00657B7A /* LedBoard */;
			targetProxy = A6F8634626FB090300657B7A /* PBXContainerItemProxy */;
		};
		A6F8635226FB090300657B7A /* PBXTargetDependency */ = {
			isa = PBXTargetDependency;
			target = A6F8632B26FB08FE00657B7A /* LedBoard */;
			targetProxy = A6F8635126FB090300657B7A /* PBXContainerItemProxy */;
		};
/* End PBXTargetDependency section */

/* Begin PBXVariantGroup section */
		A6F8633526FB08FE00657B7A /* Main.storyboard */ = {
			isa = PBXVariantGroup;
			children = (
				A6F8633626FB08FE00657B7A /* Base */,
			);
			name = Main.storyboard;
			sourceTree = "<group>";
		};
		A6F8633D26FB090300657B7A /* LaunchScreen.storyboard */ = {
			isa = PBXVariantGroup;
			children = (
				A6F8633E26FB090300657B7A /* Base */,
			);
			name = LaunchScreen.storyboard;
			sourceTree = "<group>";
		};
/* End PBXVariantGroup section */

/* Begin XCBuildConfiguration section */
		A6F8635726FB090300657B7A /* Debug */ = {
			isa = XCBuildConfiguration;
			buildSettings = {
				ALWAYS_SEARCH_USER_PATHS = NO;
				CLANG_ANALYZER_NONNULL = YES;
				CLANG_ANALYZER_NUMBER_OBJECT_CONVERSION = YES_AGGRESSIVE;
				CLANG_CXX_LANGUAGE_STANDARD = "gnu++14";
				CLANG_CXX_LIBRARY = "libc++";
				CLANG_ENABLE_MODULES = YES;
				CLANG_ENABLE_OBJC_ARC = YES;
				CLANG_ENABLE_OBJC_WEAK = YES;
				CLANG_WARN_BLOCK_CAPTURE_AUTORELEASING = YES;
				CLANG_WARN_BOOL_CONVERSION = YES;
				CLANG_WARN_COMMA = YES;
				CLANG_WARN_CONSTANT_CONVERSION = YES;
				CLANG_WARN_DEPRECATED_OBJC_IMPLEMENTATIONS = YES;
				CLANG_WARN_DIRECT_OBJC_ISA_USAGE = YES_ERROR;
				CLANG_WARN_DOCUMENTATION_COMMENTS = YES;
				CLANG_WARN_EMPTY_BODY = YES;
				CLANG_WARN_ENUM_CONVERSION = YES;
				CLANG_WARN_INFINITE_RECURSION = YES;
				CLANG_WARN_INT_CONVERSION = YES;
				CLANG_WARN_NON_LITERAL_NULL_CONVERSION = YES;
				CLANG_WARN_OBJC_IMPLICIT_RETAIN_SELF = YES;
				CLANG_WARN_OBJC_LITERAL_CONVERSION = YES;
				CLANG_WARN_OBJC_ROOT_CLASS = YES_ERROR;
				CLANG_WARN_QUOTED_INCLUDE_IN_FRAMEWORK_HEADER = YES;
				CLANG_WARN_RANGE_LOOP_ANALYSIS = YES;
				CLANG_WARN_STRICT_PROTOTYPES = YES;
				CLANG_WARN_SUSPICIOUS_MOVE = YES;
				CLANG_WARN_UNGUARDED_AVAILABILITY = YES_AGGRESSIVE;
				CLANG_WARN_UNREACHABLE_CODE = YES;
				CLANG_WARN__DUPLICATE_METHOD_MATCH = YES;
				COPY_PHASE_STRIP = NO;
				DEBUG_INFORMATION_FORMAT = dwarf;
				ENABLE_STRICT_OBJC_MSGSEND = YES;
				ENABLE_TESTABILITY = YES;
				GCC_C_LANGUAGE_STANDARD = gnu11;
				GCC_DYNAMIC_NO_PIC = NO;
				GCC_NO_COMMON_BLOCKS = YES;
				GCC_OPTIMIZATION_LEVEL = 0;
				GCC_PREPROCESSOR_DEFINITIONS = (
					"DEBUG=1",
					"$(inherited)",
				);
				GCC_WARN_64_TO_32_BIT_CONVERSION = YES;
				GCC_WARN_ABOUT_RETURN_TYPE = YES_ERROR;
				GCC_WARN_UNDECLARED_SELECTOR = YES;
				GCC_WARN_UNINITIALIZED_AUTOS = YES_AGGRESSIVE;
				GCC_WARN_UNUSED_FUNCTION = YES;
				GCC_WARN_UNUSED_VARIABLE = YES;
				IPHONEOS_DEPLOYMENT_TARGET = 14.5;
				MTL_ENABLE_DEBUG_INFO = INCLUDE_SOURCE;
				MTL_FAST_MATH = YES;
				ONLY_ACTIVE_ARCH = YES;
				SDKROOT = iphoneos;
				SWIFT_ACTIVE_COMPILATION_CONDITIONS = DEBUG;
				SWIFT_OPTIMIZATION_LEVEL = "-Onone";
			};
			name = Debug;
		};
		A6F8635826FB090300657B7A /* Release */ = {
			isa = XCBuildConfiguration;
			buildSettings = {
				ALWAYS_SEARCH_USER_PATHS = NO;
				CLANG_ANALYZER_NONNULL = YES;
				CLANG_ANALYZER_NUMBER_OBJECT_CONVERSION = YES_AGGRESSIVE;
				CLANG_CXX_LANGUAGE_STANDARD = "gnu++14";
				CLANG_CXX_LIBRARY = "libc++";
				CLANG_ENABLE_MODULES = YES;
				CLANG_ENABLE_OBJC_ARC = YES;
				CLANG_ENABLE_OBJC_WEAK = YES;
				CLANG_WARN_BLOCK_CAPTURE_AUTORELEASING = YES;
				CLANG_WARN_BOOL_CONVERSION = YES;
				CLANG_WARN_COMMA = YES;
				CLANG_WARN_CONSTANT_CONVERSION = YES;
				CLANG_WARN_DEPRECATED_OBJC_IMPLEMENTATIONS = YES;
				CLANG_WARN_DIRECT_OBJC_ISA_USAGE = YES_ERROR;
				CLANG_WARN_DOCUMENTATION_COMMENTS = YES;
				CLANG_WARN_EMPTY_BODY = YES;
				CLANG_WARN_ENUM_CONVERSION = YES;
				CLANG_WARN_INFINITE_RECURSION = YES;
				CLANG_WARN_INT_CONVERSION = YES;
				CLANG_WARN_NON_LITERAL_NULL_CONVERSION = YES;
				CLANG_WARN_OBJC_IMPLICIT_RETAIN_SELF = YES;
				CLANG_WARN_OBJC_LITERAL_CONVERSION = YES;
				CLANG_WARN_OBJC_ROOT_CLASS = YES_ERROR;
				CLANG_WARN_QUOTED_INCLUDE_IN_FRAMEWORK_HEADER = YES;
				CLANG_WARN_RANGE_LOOP_ANALYSIS = YES;
				CLANG_WARN_STRICT_PROTOTYPES = YES;
				CLANG_WARN_SUSPICIOUS_MOVE = YES;
				CLANG_WARN_UNGUARDED_AVAILABILITY = YES_AGGRESSIVE;
				CLANG_WARN_UNREACHABLE_CODE = YES;
				CLANG_WARN__DUPLICATE_METHOD_MATCH = YES;
				COPY_PHASE_STRIP = NO;
				DEBUG_INFORMATION_FORMAT = "dwarf-with-dsym";
				ENABLE_NS_ASSERTIONS = NO;
				ENABLE_STRICT_OBJC_MSGSEND = YES;
				GCC_C_LANGUAGE_STANDARD = gnu11;
				GCC_NO_COMMON_BLOCKS = YES;
				GCC_WARN_64_TO_32_BIT_CONVERSION = YES;
				GCC_WARN_ABOUT_RETURN_TYPE = YES_ERROR;
				GCC_WARN_UNDECLARED_SELECTOR = YES;
				GCC_WARN_UNINITIALIZED_AUTOS = YES_AGGRESSIVE;
				GCC_WARN_UNUSED_FUNCTION = YES;
				GCC_WARN_UNUSED_VARIABLE = YES;
				IPHONEOS_DEPLOYMENT_TARGET = 14.5;
				MTL_ENABLE_DEBUG_INFO = NO;
				MTL_FAST_MATH = YES;
				SDKROOT = iphoneos;
				SWIFT_COMPILATION_MODE = wholemodule;
				SWIFT_OPTIMIZATION_LEVEL = "-O";
				VALIDATE_PRODUCT = YES;
			};
			name = Release;
		};
		A6F8635A26FB090300657B7A /* Debug */ = {
			isa = XCBuildConfiguration;
			buildSettings = {
				ASSETCATALOG_COMPILER_APPICON_NAME = AppIcon;
				ASSETCATALOG_COMPILER_GLOBAL_ACCENT_COLOR_NAME = AccentColor;
				CODE_SIGN_STYLE = Automatic;
				DEVELOPMENT_TEAM = QTFGQLTGXG;
				INFOPLIST_FILE = LedBoard/Info.plist;
				LD_RUNPATH_SEARCH_PATHS = (
					"$(inherited)",
					"@executable_path/Frameworks",
				);
				PRODUCT_BUNDLE_IDENTIFIER = com.elenaseo.LedBoard;
				PRODUCT_NAME = "$(TARGET_NAME)";
				SWIFT_VERSION = 5.0;
				TARGETED_DEVICE_FAMILY = "1,2";
			};
			name = Debug;
		};
		A6F8635B26FB090300657B7A /* Release */ = {
			isa = XCBuildConfiguration;
			buildSettings = {
				ASSETCATALOG_COMPILER_APPICON_NAME = AppIcon;
				ASSETCATALOG_COMPILER_GLOBAL_ACCENT_COLOR_NAME = AccentColor;
				CODE_SIGN_STYLE = Automatic;
				DEVELOPMENT_TEAM = QTFGQLTGXG;
				INFOPLIST_FILE = LedBoard/Info.plist;
				LD_RUNPATH_SEARCH_PATHS = (
					"$(inherited)",
					"@executable_path/Frameworks",
				);
				PRODUCT_BUNDLE_IDENTIFIER = com.elenaseo.LedBoard;
				PRODUCT_NAME = "$(TARGET_NAME)";
				SWIFT_VERSION = 5.0;
				TARGETED_DEVICE_FAMILY = "1,2";
			};
			name = Release;
		};
		A6F8635D26FB090300657B7A /* Debug */ = {
			isa = XCBuildConfiguration;
			buildSettings = {
				ALWAYS_EMBED_SWIFT_STANDARD_LIBRARIES = YES;
				BUNDLE_LOADER = "$(TEST_HOST)";
				CODE_SIGN_STYLE = Automatic;
				DEVELOPMENT_TEAM = QTFGQLTGXG;
				INFOPLIST_FILE = LedBoardTests/Info.plist;
				IPHONEOS_DEPLOYMENT_TARGET = 14.5;
				LD_RUNPATH_SEARCH_PATHS = (
					"$(inherited)",
					"@executable_path/Frameworks",
					"@loader_path/Frameworks",
				);
				PRODUCT_BUNDLE_IDENTIFIER = com.elenaseo.LedBoardTests;
				PRODUCT_NAME = "$(TARGET_NAME)";
				SWIFT_VERSION = 5.0;
				TARGETED_DEVICE_FAMILY = "1,2";
				TEST_HOST = "$(BUILT_PRODUCTS_DIR)/LedBoard.app/LedBoard";
			};
			name = Debug;
		};
		A6F8635E26FB090300657B7A /* Release */ = {
			isa = XCBuildConfiguration;
			buildSettings = {
				ALWAYS_EMBED_SWIFT_STANDARD_LIBRARIES = YES;
				BUNDLE_LOADER = "$(TEST_HOST)";
				CODE_SIGN_STYLE = Automatic;
				DEVELOPMENT_TEAM = QTFGQLTGXG;
				INFOPLIST_FILE = LedBoardTests/Info.plist;
				IPHONEOS_DEPLOYMENT_TARGET = 14.5;
				LD_RUNPATH_SEARCH_PATHS = (
					"$(inherited)",
					"@executable_path/Frameworks",
					"@loader_path/Frameworks",
				);
				PRODUCT_BUNDLE_IDENTIFIER = com.elenaseo.LedBoardTests;
				PRODUCT_NAME = "$(TARGET_NAME)";
				SWIFT_VERSION = 5.0;
				TARGETED_DEVICE_FAMILY = "1,2";
				TEST_HOST = "$(BUILT_PRODUCTS_DIR)/LedBoard.app/LedBoard";
			};
			name = Release;
		};
		A6F8636026FB090300657B7A /* Debug */ = {
			isa = XCBuildConfiguration;
			buildSettings = {
				ALWAYS_EMBED_SWIFT_STANDARD_LIBRARIES = YES;
				CODE_SIGN_STYLE = Automatic;
				DEVELOPMENT_TEAM = QTFGQLTGXG;
				INFOPLIST_FILE = LedBoardUITests/Info.plist;
				LD_RUNPATH_SEARCH_PATHS = (
					"$(inherited)",
					"@executable_path/Frameworks",
					"@loader_path/Frameworks",
				);
				PRODUCT_BUNDLE_IDENTIFIER = com.elenaseo.LedBoardUITests;
				PRODUCT_NAME = "$(TARGET_NAME)";
				SWIFT_VERSION = 5.0;
				TARGETED_DEVICE_FAMILY = "1,2";
				TEST_TARGET_NAME = LedBoard;
			};
			name = Debug;
		};
		A6F8636126FB090300657B7A /* Release */ = {
			isa = XCBuildConfiguration;
			buildSettings = {
				ALWAYS_EMBED_SWIFT_STANDARD_LIBRARIES = YES;
				CODE_SIGN_STYLE = Automatic;
				DEVELOPMENT_TEAM = QTFGQLTGXG;
				INFOPLIST_FILE = LedBoardUITests/Info.plist;
				LD_RUNPATH_SEARCH_PATHS = (
					"$(inherited)",
					"@executable_path/Frameworks",
					"@loader_path/Frameworks",
				);
				PRODUCT_BUNDLE_IDENTIFIER = com.elenaseo.LedBoardUITests;
				PRODUCT_NAME = "$(TARGET_NAME)";
				SWIFT_VERSION = 5.0;
				TARGETED_DEVICE_FAMILY = "1,2";
				TEST_TARGET_NAME = LedBoard;
			};
			name = Release;
		};
/* End XCBuildConfiguration section */

/* Begin XCConfigurationList section */
		A6F8632726FB08FE00657B7A /* Build configuration list for PBXProject "LedBoard" */ = {
			isa = XCConfigurationList;
			buildConfigurations = (
				A6F8635726FB090300657B7A /* Debug */,
				A6F8635826FB090300657B7A /* Release */,
			);
			defaultConfigurationIsVisible = 0;
			defaultConfigurationName = Release;
		};
		A6F8635926FB090300657B7A /* Build configuration list for PBXNativeTarget "LedBoard" */ = {
			isa = XCConfigurationList;
			buildConfigurations = (
				A6F8635A26FB090300657B7A /* Debug */,
				A6F8635B26FB090300657B7A /* Release */,
			);
			defaultConfigurationIsVisible = 0;
			defaultConfigurationName = Release;
		};
		A6F8635C26FB090300657B7A /* Build configuration list for PBXNativeTarget "LedBoardTests" */ = {
			isa = XCConfigurationList;
			buildConfigurations = (
				A6F8635D26FB090300657B7A /* Debug */,
				A6F8635E26FB090300657B7A /* Release */,
			);
			defaultConfigurationIsVisible = 0;
			defaultConfigurationName = Release;
		};
		A6F8635F26FB090300657B7A /* Build configuration list for PBXNativeTarget "LedBoardUITests" */ = {
			isa = XCConfigurationList;
			buildConfigurations = (
				A6F8636026FB090300657B7A /* Debug */,
				A6F8636126FB090300657B7A /* Release */,
			);
			defaultConfigurationIsVisible = 0;
			defaultConfigurationName = Release;
		};
/* End XCConfigurationList section */

/* Begin XCVersionGroup section */
		A6F8633826FB08FE00657B7A /* LedBoard.xcdatamodeld */ = {
			isa = XCVersionGroup;
			children = (
				A6F8633926FB08FE00657B7A /* LedBoard.xcdatamodel */,
			);
			currentVersion = A6F8633926FB08FE00657B7A /* LedBoard.xcdatamodel */;
			path = LedBoard.xcdatamodeld;
			sourceTree = "<group>";
			versionGroupType = wrapper.xcdatamodel;
		};
/* End XCVersionGroup section */
	};
	rootObject = A6F8632426FB08FE00657B7A /* Project object */;
}
